// !$*UTF8*$!
{
	archiveVersion = 1;
	classes = {
	};
	objectVersion = 55;
	objects = {

/* Begin PBXBuildFile section */
		9245C26928EE0436007AEF0D /* InformationViewController.swift in Sources */ = {isa = PBXBuildFile; fileRef = 9245C26828EE0436007AEF0D /* InformationViewController.swift */; };
		9245C26B28EE0EFE007AEF0D /* BioViewController.swift in Sources */ = {isa = PBXBuildFile; fileRef = 9245C26A28EE0EFE007AEF0D /* BioViewController.swift */; };
		927406CF28ECC419002452F5 /* UserInfoList.swift in Sources */ = {isa = PBXBuildFile; fileRef = 927406CE28ECC419002452F5 /* UserInfoList.swift */; };
		9281A47828E83A6600C4CE85 /* AppDelegate.swift in Sources */ = {isa = PBXBuildFile; fileRef = 9281A47728E83A6600C4CE85 /* AppDelegate.swift */; };
		9281A47A28E83A6600C4CE85 /* SceneDelegate.swift in Sources */ = {isa = PBXBuildFile; fileRef = 9281A47928E83A6600C4CE85 /* SceneDelegate.swift */; };
		9281A47C28E83A6600C4CE85 /* LoginViewController.swift in Sources */ = {isa = PBXBuildFile; fileRef = 9281A47B28E83A6600C4CE85 /* LoginViewController.swift */; };
		9281A47F28E83A6600C4CE85 /* Main.storyboard in Resources */ = {isa = PBXBuildFile; fileRef = 9281A47D28E83A6600C4CE85 /* Main.storyboard */; };
		9281A48128E83A6800C4CE85 /* Assets.xcassets in Resources */ = {isa = PBXBuildFile; fileRef = 9281A48028E83A6800C4CE85 /* Assets.xcassets */; };
		9281A48428E83A6800C4CE85 /* LaunchScreen.storyboard in Resources */ = {isa = PBXBuildFile; fileRef = 9281A48228E83A6800C4CE85 /* LaunchScreen.storyboard */; };
		9298BC0D28E8888C000DE80F /* WelcomeViewController.swift in Sources */ = {isa = PBXBuildFile; fileRef = 9298BC0C28E8888C000DE80F /* WelcomeViewController.swift */; };
/* End PBXBuildFile section */

/* Begin PBXFileReference section */
		9245C26828EE0436007AEF0D /* InformationViewController.swift */ = {isa = PBXFileReference; lastKnownFileType = sourcecode.swift; path = InformationViewController.swift; sourceTree = "<group>"; };
		9245C26A28EE0EFE007AEF0D /* BioViewController.swift */ = {isa = PBXFileReference; lastKnownFileType = sourcecode.swift; path = BioViewController.swift; sourceTree = "<group>"; };
		927406CE28ECC419002452F5 /* UserInfoList.swift */ = {isa = PBXFileReference; lastKnownFileType = sourcecode.swift; path = UserInfoList.swift; sourceTree = "<group>"; };
		9281A47428E83A6600C4CE85 /* LogInApp.app */ = {isa = PBXFileReference; explicitFileType = wrapper.application; includeInIndex = 0; path = LogInApp.app; sourceTree = BUILT_PRODUCTS_DIR; };
		9281A47728E83A6600C4CE85 /* AppDelegate.swift */ = {isa = PBXFileReference; lastKnownFileType = sourcecode.swift; path = AppDelegate.swift; sourceTree = "<group>"; };
		9281A47928E83A6600C4CE85 /* SceneDelegate.swift */ = {isa = PBXFileReference; lastKnownFileType = sourcecode.swift; path = SceneDelegate.swift; sourceTree = "<group>"; };
		9281A47B28E83A6600C4CE85 /* LoginViewController.swift */ = {isa = PBXFileReference; lastKnownFileType = sourcecode.swift; path = LoginViewController.swift; sourceTree = "<group>"; };
		9281A47E28E83A6600C4CE85 /* Base */ = {isa = PBXFileReference; lastKnownFileType = file.storyboard; name = Base; path = Base.lproj/Main.storyboard; sourceTree = "<group>"; };
		9281A48028E83A6800C4CE85 /* Assets.xcassets */ = {isa = PBXFileReference; lastKnownFileType = folder.assetcatalog; path = Assets.xcassets; sourceTree = "<group>"; };
		9281A48328E83A6800C4CE85 /* Base */ = {isa = PBXFileReference; lastKnownFileType = file.storyboard; name = Base; path = Base.lproj/LaunchScreen.storyboard; sourceTree = "<group>"; };
		9281A48528E83A6800C4CE85 /* Info.plist */ = {isa = PBXFileReference; lastKnownFileType = text.plist.xml; path = Info.plist; sourceTree = "<group>"; };
		9298BC0C28E8888C000DE80F /* WelcomeViewController.swift */ = {isa = PBXFileReference; lastKnownFileType = sourcecode.swift; path = WelcomeViewController.swift; sourceTree = "<group>"; };
/* End PBXFileReference section */

/* Begin PBXFrameworksBuildPhase section */
		9281A47128E83A6600C4CE85 /* Frameworks */ = {
			isa = PBXFrameworksBuildPhase;
			buildActionMask = 2147483647;
			files = (
			);
			runOnlyForDeploymentPostprocessing = 0;
		};
/* End PBXFrameworksBuildPhase section */

/* Begin PBXGroup section */
		9245C26C28EE164B007AEF0D /* ViewControllesr */ = {
			isa = PBXGroup;
			children = (
				9245C26828EE0436007AEF0D /* InformationViewController.swift */,
				9298BC0C28E8888C000DE80F /* WelcomeViewController.swift */,
				9281A47B28E83A6600C4CE85 /* LoginViewController.swift */,
				9245C26A28EE0EFE007AEF0D /* BioViewController.swift */,
			);
			path = ViewControllesr;
			sourceTree = "<group>";
		};
		9245C26D28EE1673007AEF0D /* Models */ = {
			isa = PBXGroup;
			children = (
				927406CE28ECC419002452F5 /* UserInfoList.swift */,
			);
			path = Models;
			sourceTree = "<group>";
		};
		9245C26E28EE16F5007AEF0D /* App */ = {
			isa = PBXGroup;
			children = (
				9281A47728E83A6600C4CE85 /* AppDelegate.swift */,
				9281A47928E83A6600C4CE85 /* SceneDelegate.swift */,
				9281A48528E83A6800C4CE85 /* Info.plist */,
			);
			path = App;
			sourceTree = "<group>";
		};
		9245C26F28EE173D007AEF0D /* Storyboards */ = {
			isa = PBXGroup;
			children = (
				9281A47D28E83A6600C4CE85 /* Main.storyboard */,
				9281A48228E83A6800C4CE85 /* LaunchScreen.storyboard */,
			);
			path = Storyboards;
			sourceTree = "<group>";
		};
		9281A46B28E83A6600C4CE85 = {
			isa = PBXGroup;
			children = (
				9281A47628E83A6600C4CE85 /* LogInApp */,
				9281A47528E83A6600C4CE85 /* Products */,
			);
			sourceTree = "<group>";
		};
		9281A47528E83A6600C4CE85 /* Products */ = {
			isa = PBXGroup;
			children = (
				9281A47428E83A6600C4CE85 /* LogInApp.app */,
			);
			name = Products;
			sourceTree = "<group>";
		};
		9281A47628E83A6600C4CE85 /* LogInApp */ = {
			isa = PBXGroup;
			children = (
				9245C26F28EE173D007AEF0D /* Storyboards */,
				9245C26E28EE16F5007AEF0D /* App */,
				9245C26D28EE1673007AEF0D /* Models */,
				9245C26C28EE164B007AEF0D /* ViewControllesr */,
				9281A48028E83A6800C4CE85 /* Assets.xcassets */,
			);
			path = LogInApp;
			sourceTree = "<group>";
		};
/* End PBXGroup section */

/* Begin PBXNativeTarget section */
		9281A47328E83A6600C4CE85 /* LogInApp */ = {
			isa = PBXNativeTarget;
			buildConfigurationList = 9281A48828E83A6800C4CE85 /* Build configuration list for PBXNativeTarget "LogInApp" */;
			buildPhases = (
				9281A47028E83A6600C4CE85 /* Sources */,
				9281A47128E83A6600C4CE85 /* Frameworks */,
				9281A47228E83A6600C4CE85 /* Resources */,
			);
			buildRules = (
			);
			dependencies = (
			);
			name = LogInApp;
			productName = LogInApp;
			productReference = 9281A47428E83A6600C4CE85 /* LogInApp.app */;
			productType = "com.apple.product-type.application";
		};
/* End PBXNativeTarget section */

/* Begin PBXProject section */
		9281A46C28E83A6600C4CE85 /* Project object */ = {
			isa = PBXProject;
			attributes = {
				BuildIndependentTargetsInParallel = 1;
				LastSwiftUpdateCheck = 1340;
				LastUpgradeCheck = 1340;
				TargetAttributes = {
					9281A47328E83A6600C4CE85 = {
						CreatedOnToolsVersion = 13.4.1;
					};
				};
			};
			buildConfigurationList = 9281A46F28E83A6600C4CE85 /* Build configuration list for PBXProject "LogInApp" */;
			compatibilityVersion = "Xcode 13.0";
			developmentRegion = en;
			hasScannedForEncodings = 0;
			knownRegions = (
				en,
				Base,
			);
			mainGroup = 9281A46B28E83A6600C4CE85;
			productRefGroup = 9281A47528E83A6600C4CE85 /* Products */;
			projectDirPath = "";
			projectRoot = "";
			targets = (
				9281A47328E83A6600C4CE85 /* LogInApp */,
			);
		};
/* End PBXProject section */

/* Begin PBXResourcesBuildPhase section */
		9281A47228E83A6600C4CE85 /* Resources */ = {
			isa = PBXResourcesBuildPhase;
			buildActionMask = 2147483647;
			files = (
				9281A48428E83A6800C4CE85 /* LaunchScreen.storyboard in Resources */,
				9281A48128E83A6800C4CE85 /* Assets.xcassets in Resources */,
				9281A47F28E83A6600C4CE85 /* Main.storyboard in Resources */,
			);
			runOnlyForDeploymentPostprocessing = 0;
		};
/* End PBXResourcesBuildPhase section */

/* Begin PBXSourcesBuildPhase section */
		9281A47028E83A6600C4CE85 /* Sources */ = {
			isa = PBXSourcesBuildPhase;
			buildActionMask = 2147483647;
			files = (
				9245C26B28EE0EFE007AEF0D /* BioViewController.swift in Sources */,
				9281A47C28E83A6600C4CE85 /* LoginViewController.swift in Sources */,
				927406CF28ECC419002452F5 /* UserInfoList.swift in Sources */,
				9298BC0D28E8888C000DE80F /* WelcomeViewController.swift in Sources */,
				9281A47828E83A6600C4CE85 /* AppDelegate.swift in Sources */,
				9281A47A28E83A6600C4CE85 /* SceneDelegate.swift in Sources */,
				9245C26928EE0436007AEF0D /* InformationViewController.swift in Sources */,
			);
			runOnlyForDeploymentPostprocessing = 0;
		};
/* End PBXSourcesBuildPhase section */

/* Begin PBXVariantGroup section */
		9281A47D28E83A6600C4CE85 /* Main.storyboard */ = {
			isa = PBXVariantGroup;
			children = (
				9281A47E28E83A6600C4CE85 /* Base */,
			);
			name = Main.storyboard;
			sourceTree = "<group>";
		};
		9281A48228E83A6800C4CE85 /* LaunchScreen.storyboard */ = {
			isa = PBXVariantGroup;
			children = (
				9281A48328E83A6800C4CE85 /* Base */,
			);
			name = LaunchScreen.storyboard;
			sourceTree = "<group>";
		};
/* End PBXVariantGroup section */

/* Begin XCBuildConfiguration section */
		9281A48628E83A6800C4CE85 /* Debug */ = {
			isa = XCBuildConfiguration;
			buildSettings = {
				ALWAYS_SEARCH_USER_PATHS = NO;
				CLANG_ANALYZER_NONNULL = YES;
				CLANG_ANALYZER_NUMBER_OBJECT_CONVERSION = YES_AGGRESSIVE;
				CLANG_CXX_LANGUAGE_STANDARD = "gnu++17";
				CLANG_ENABLE_MODULES = YES;
				CLANG_ENABLE_OBJC_ARC = YES;
				CLANG_ENABLE_OBJC_WEAK = YES;
				CLANG_WARN_BLOCK_CAPTURE_AUTORELEASING = YES;
				CLANG_WARN_BOOL_CONVERSION = YES;
				CLANG_WARN_COMMA = YES;
				CLANG_WARN_CONSTANT_CONVERSION = YES;
				CLANG_WARN_DEPRECATED_OBJC_IMPLEMENTATIONS = YES;
				CLANG_WARN_DIRECT_OBJC_ISA_USAGE = YES_ERROR;
				CLANG_WARN_DOCUMENTATION_COMMENTS = YES;
				CLANG_WARN_EMPTY_BODY = YES;
				CLANG_WARN_ENUM_CONVERSION = YES;
				CLANG_WARN_INFINITE_RECURSION = YES;
				CLANG_WARN_INT_CONVERSION = YES;
				CLANG_WARN_NON_LITERAL_NULL_CONVERSION = YES;
				CLANG_WARN_OBJC_IMPLICIT_RETAIN_SELF = YES;
				CLANG_WARN_OBJC_LITERAL_CONVERSION = YES;
				CLANG_WARN_OBJC_ROOT_CLASS = YES_ERROR;
				CLANG_WARN_QUOTED_INCLUDE_IN_FRAMEWORK_HEADER = YES;
				CLANG_WARN_RANGE_LOOP_ANALYSIS = YES;
				CLANG_WARN_STRICT_PROTOTYPES = YES;
				CLANG_WARN_SUSPICIOUS_MOVE = YES;
				CLANG_WARN_UNGUARDED_AVAILABILITY = YES_AGGRESSIVE;
				CLANG_WARN_UNREACHABLE_CODE = YES;
				CLANG_WARN__DUPLICATE_METHOD_MATCH = YES;
				COPY_PHASE_STRIP = NO;
				DEBUG_INFORMATION_FORMAT = dwarf;
				ENABLE_STRICT_OBJC_MSGSEND = YES;
				ENABLE_TESTABILITY = YES;
				GCC_C_LANGUAGE_STANDARD = gnu11;
				GCC_DYNAMIC_NO_PIC = NO;
				GCC_NO_COMMON_BLOCKS = YES;
				GCC_OPTIMIZATION_LEVEL = 0;
				GCC_PREPROCESSOR_DEFINITIONS = (
					"DEBUG=1",
					"$(inherited)",
				);
				GCC_WARN_64_TO_32_BIT_CONVERSION = YES;
				GCC_WARN_ABOUT_RETURN_TYPE = YES_ERROR;
				GCC_WARN_UNDECLARED_SELECTOR = YES;
				GCC_WARN_UNINITIALIZED_AUTOS = YES_AGGRESSIVE;
				GCC_WARN_UNUSED_FUNCTION = YES;
				GCC_WARN_UNUSED_VARIABLE = YES;
				IPHONEOS_DEPLOYMENT_TARGET = 15.5;
				MTL_ENABLE_DEBUG_INFO = INCLUDE_SOURCE;
				MTL_FAST_MATH = YES;
				ONLY_ACTIVE_ARCH = YES;
				SDKROOT = iphoneos;
				SWIFT_ACTIVE_COMPILATION_CONDITIONS = DEBUG;
				SWIFT_OPTIMIZATION_LEVEL = "-Onone";
			};
			name = Debug;
		};
		9281A48728E83A6800C4CE85 /* Release */ = {
			isa = XCBuildConfiguration;
			buildSettings = {
				ALWAYS_SEARCH_USER_PATHS = NO;
				CLANG_ANALYZER_NONNULL = YES;
				CLANG_ANALYZER_NUMBER_OBJECT_CONVERSION = YES_AGGRESSIVE;
				CLANG_CXX_LANGUAGE_STANDARD = "gnu++17";
				CLANG_ENABLE_MODULES = YES;
				CLANG_ENABLE_OBJC_ARC = YES;
				CLANG_ENABLE_OBJC_WEAK = YES;
				CLANG_WARN_BLOCK_CAPTURE_AUTORELEASING = YES;
				CLANG_WARN_BOOL_CONVERSION = YES;
				CLANG_WARN_COMMA = YES;
				CLANG_WARN_CONSTANT_CONVERSION = YES;
				CLANG_WARN_DEPRECATED_OBJC_IMPLEMENTATIONS = YES;
				CLANG_WARN_DIRECT_OBJC_ISA_USAGE = YES_ERROR;
				CLANG_WARN_DOCUMENTATION_COMMENTS = YES;
				CLANG_WARN_EMPTY_BODY = YES;
				CLANG_WARN_ENUM_CONVERSION = YES;
				CLANG_WARN_INFINITE_RECURSION = YES;
				CLANG_WARN_INT_CONVERSION = YES;
				CLANG_WARN_NON_LITERAL_NULL_CONVERSION = YES;
				CLANG_WARN_OBJC_IMPLICIT_RETAIN_SELF = YES;
				CLANG_WARN_OBJC_LITERAL_CONVERSION = YES;
				CLANG_WARN_OBJC_ROOT_CLASS = YES_ERROR;
				CLANG_WARN_QUOTED_INCLUDE_IN_FRAMEWORK_HEADER = YES;
				CLANG_WARN_RANGE_LOOP_ANALYSIS = YES;
				CLANG_WARN_STRICT_PROTOTYPES = YES;
				CLANG_WARN_SUSPICIOUS_MOVE = YES;
				CLANG_WARN_UNGUARDED_AVAILABILITY = YES_AGGRESSIVE;
				CLANG_WARN_UNREACHABLE_CODE = YES;
				CLANG_WARN__DUPLICATE_METHOD_MATCH = YES;
				COPY_PHASE_STRIP = NO;
				DEBUG_INFORMATION_FORMAT = "dwarf-with-dsym";
				ENABLE_NS_ASSERTIONS = NO;
				ENABLE_STRICT_OBJC_MSGSEND = YES;
				GCC_C_LANGUAGE_STANDARD = gnu11;
				GCC_NO_COMMON_BLOCKS = YES;
				GCC_WARN_64_TO_32_BIT_CONVERSION = YES;
				GCC_WARN_ABOUT_RETURN_TYPE = YES_ERROR;
				GCC_WARN_UNDECLARED_SELECTOR = YES;
				GCC_WARN_UNINITIALIZED_AUTOS = YES_AGGRESSIVE;
				GCC_WARN_UNUSED_FUNCTION = YES;
				GCC_WARN_UNUSED_VARIABLE = YES;
				IPHONEOS_DEPLOYMENT_TARGET = 15.5;
				MTL_ENABLE_DEBUG_INFO = NO;
				MTL_FAST_MATH = YES;
				SDKROOT = iphoneos;
				SWIFT_COMPILATION_MODE = wholemodule;
				SWIFT_OPTIMIZATION_LEVEL = "-O";
				VALIDATE_PRODUCT = YES;
			};
			name = Release;
		};
		9281A48928E83A6800C4CE85 /* Debug */ = {
			isa = XCBuildConfiguration;
			buildSettings = {
				ASSETCATALOG_COMPILER_APPICON_NAME = AppIcon;
				ASSETCATALOG_COMPILER_GLOBAL_ACCENT_COLOR_NAME = AccentColor;
				CODE_SIGN_STYLE = Automatic;
				CURRENT_PROJECT_VERSION = 1;
				DEVELOPMENT_TEAM = R79LXPU844;
				GENERATE_INFOPLIST_FILE = YES;
				INFOPLIST_FILE = LogInApp/App/Info.plist;
				INFOPLIST_KEY_UIApplicationSupportsIndirectInputEvents = YES;
				INFOPLIST_KEY_UILaunchStoryboardName = LaunchScreen;
				INFOPLIST_KEY_UIMainStoryboardFile = Main;
				INFOPLIST_KEY_UISupportedInterfaceOrientations_iPad = "UIInterfaceOrientationPortrait UIInterfaceOrientationPortraitUpsideDown UIInterfaceOrientationLandscapeLeft UIInterfaceOrientationLandscapeRight";
				INFOPLIST_KEY_UISupportedInterfaceOrientations_iPhone = "UIInterfaceOrientationPortrait UIInterfaceOrientationLandscapeLeft UIInterfaceOrientationLandscapeRight";
				IPHONEOS_DEPLOYMENT_TARGET = 15.5;
				LD_RUNPATH_SEARCH_PATHS = (
					"$(inherited)",
					"@executable_path/Frameworks",
				);
				MARKETING_VERSION = 1.0;
				PRODUCT_BUNDLE_IDENTIFIER = "Balandin-Denis.LogInApp";
				PRODUCT_NAME = "$(TARGET_NAME)";
				SWIFT_EMIT_LOC_STRINGS = YES;
				SWIFT_VERSION = 5.0;
				TARGETED_DEVICE_FAMILY = 1;
			};
			name = Debug;
		};
		9281A48A28E83A6800C4CE85 /* Release */ = {
			isa = XCBuildConfiguration;
			buildSettings = {
				ASSETCATALOG_COMPILER_APPICON_NAME = AppIcon;
				ASSETCATALOG_COMPILER_GLOBAL_ACCENT_COLOR_NAME = AccentColor;
				CODE_SIGN_STYLE = Automatic;
				CURRENT_PROJECT_VERSION = 1;
				DEVELOPMENT_TEAM = R79LXPU844;
				GENERATE_INFOPLIST_FILE = YES;
				INFOPLIST_FILE = LogInApp/App/Info.plist;
				INFOPLIST_KEY_UIApplicationSupportsIndirectInputEvents = YES;
				INFOPLIST_KEY_UILaunchStoryboardName = LaunchScreen;
				INFOPLIST_KEY_UIMainStoryboardFile = Main;
				INFOPLIST_KEY_UISupportedInterfaceOrientations_iPad = "UIInterfaceOrientationPortrait UIInterfaceOrientationPortraitUpsideDown UIInterfaceOrientationLandscapeLeft UIInterfaceOrientationLandscapeRight";
				INFOPLIST_KEY_UISupportedInterfaceOrientations_iPhone = "UIInterfaceOrientationPortrait UIInterfaceOrientationLandscapeLeft UIInterfaceOrientationLandscapeRight";
				IPHONEOS_DEPLOYMENT_TARGET = 15.5;
				LD_RUNPATH_SEARCH_PATHS = (
					"$(inherited)",
					"@executable_path/Frameworks",
				);
				MARKETING_VERSION = 1.0;
				PRODUCT_BUNDLE_IDENTIFIER = "Balandin-Denis.LogInApp";
				PRODUCT_NAME = "$(TARGET_NAME)";
				SWIFT_EMIT_LOC_STRINGS = YES;
				SWIFT_VERSION = 5.0;
				TARGETED_DEVICE_FAMILY = 1;
			};
			name = Release;
		};
/* End XCBuildConfiguration section */

/* Begin XCConfigurationList section */
		9281A46F28E83A6600C4CE85 /* Build configuration list for PBXProject "LogInApp" */ = {
			isa = XCConfigurationList;
			buildConfigurations = (
				9281A48628E83A6800C4CE85 /* Debug */,
				9281A48728E83A6800C4CE85 /* Release */,
			);
			defaultConfigurationIsVisible = 0;
			defaultConfigurationName = Release;
		};
		9281A48828E83A6800C4CE85 /* Build configuration list for PBXNativeTarget "LogInApp" */ = {
			isa = XCConfigurationList;
			buildConfigurations = (
				9281A48928E83A6800C4CE85 /* Debug */,
				9281A48A28E83A6800C4CE85 /* Release */,
			);
			defaultConfigurationIsVisible = 0;
			defaultConfigurationName = Release;
		};
/* End XCConfigurationList section */
	};
	rootObject = 9281A46C28E83A6600C4CE85 /* Project object */;
}
